
Microsoft Visual Studio Solution File, Format Version 12.00
# Visual Studio Version 17
VisualStudioVersion = 17.14.36804.6
MinimumVisualStudioVersion = 10.0.40219.1
Project("{FAE04EC0-301F-11D3-BF4B-00C04F79EFBC}") = "FileConverterGUI", "FileConverterGUI.csproj", "{D253EC18-890E-46B1-8241-C93B31B89E63}"
EndProject
Global
	GlobalSection(SolutionConfigurationPlatforms) = preSolution
		Debug|Any CPU = Debug|Any CPU
		Release|Any CPU = Release|Any CPU
	EndGlobalSection
	GlobalSection(ProjectConfigurationPlatforms) = postSolution
		{D253EC18-890E-46B1-8241-C93B31B89E63}.Debug|Any CPU.ActiveCfg = Debug|Any CPU
		{D253EC18-890E-46B1-8241-C93B31B89E63}.Debug|Any CPU.Build.0 = Debug|Any CPU
		{D253EC18-890E-46B1-8241-C93B31B89E63}.Release|Any CPU.ActiveCfg = Release|Any CPU
		{D253EC18-890E-46B1-8241-C93B31B89E63}.Release|Any CPU.Build.0 = Release|Any CPU
	EndGlobalSection
	GlobalSection(SolutionProperties) = preSolution
		HideSolutionNode = FALSE
	EndGlobalSection
	GlobalSection(ExtensibilityGlobals) = postSolution
		SolutionGuid = {F397060B-0022-4A0A-B8E4-003D610A0FFA}
	EndGlobalSection
EndGlobal
